# This file is autogenerated, do not edit; changes may be undone by the next 'dep ensure'.


[[projects]]
  branch = "master"
  name = "github.com/btcsuite/btcd"
  packages = ["btcec"]
  revision = "675abc5df3c5531bc741b56a765e35623459da6d"

[[projects]]
  name = "github.com/ethereum/go-ethereum"
  packages = [
    "common",
    "common/hexutil",
    "common/math",
    "crypto",
    "crypto/secp256k1",
    "crypto/sha3",
    "rlp"
  ]
  revision = "2423ae01e0d2f853512eb2b46954b5ad0754a897"
  version = "v1.8.4"

[solve-meta]
  analyzer-name = "dep"
  analyzer-version = 1
  inputs-digest = "b19ba8b3ae95b5389712f30717821c608098a3bf73841e4b2c0d4a20d2331461"
  solver-name = "gps-cdcl"
  solver-version = 1
